
Microsoft Visual Studio Solution File, Format Version 12.00
# Visual Studio 14
VisualStudioVersion = 14.0.25420.1
MinimumVisualStudioVersion = 10.0.40219.1
Project("{FAE04EC0-301F-11D3-BF4B-00C04F79EFBC}") = "Jupiter.UWP", "Jupiter.UWP\Jupiter.UWP.csproj", "{51F9F331-1237-4D09-B8B7-EB00BE730C19}"
EndProject
Project("{FAE04EC0-301F-11D3-BF4B-00C04F79EFBC}") = "Jupiter.Core", "Jupiter.Core\Jupiter.Core.csproj", "{C4B4F855-90CA-4E36-8B6D-3CAE88AE7BCC}"
EndProject
Project("{FAE04EC0-301F-11D3-BF4B-00C04F79EFBC}") = "Jupiter.iOS", "Jupiter.iOS\Jupiter.iOS.csproj", "{E516A27D-0A55-4F0D-9C38-A1D1532C447F}"
EndProject
Global
	GlobalSection(SolutionConfigurationPlatforms) = preSolution
		Debug|Any CPU = Debug|Any CPU
		Debug|ARM = Debug|ARM
		Debug|x64 = Debug|x64
		Debug|x86 = Debug|x86
		Release|Any CPU = Release|Any CPU
		Release|ARM = Release|ARM
		Release|x64 = Release|x64
		Release|x86 = Release|x86
	EndGlobalSection
	GlobalSection(ProjectConfigurationPlatforms) = postSolution
		{51F9F331-1237-4D09-B8B7-EB00BE730C19}.Debug|Any CPU.ActiveCfg = Debug|Any CPU
		{51F9F331-1237-4D09-B8B7-EB00BE730C19}.Debug|Any CPU.Build.0 = Debug|Any CPU
		{51F9F331-1237-4D09-B8B7-EB00BE730C19}.Debug|ARM.ActiveCfg = Debug|ARM
		{51F9F331-1237-4D09-B8B7-EB00BE730C19}.Debug|ARM.Build.0 = Debug|ARM
		{51F9F331-1237-4D09-B8B7-EB00BE730C19}.Debug|x64.ActiveCfg = Debug|x64
		{51F9F331-1237-4D09-B8B7-EB00BE730C19}.Debug|x64.Build.0 = Debug|x64
		{51F9F331-1237-4D09-B8B7-EB00BE730C19}.Debug|x86.ActiveCfg = Debug|x86
		{51F9F331-1237-4D09-B8B7-EB00BE730C19}.Debug|x86.Build.0 = Debug|x86
		{51F9F331-1237-4D09-B8B7-EB00BE730C19}.Release|Any CPU.ActiveCfg = Release|Any CPU
		{51F9F331-1237-4D09-B8B7-EB00BE730C19}.Release|Any CPU.Build.0 = Release|Any CPU
		{51F9F331-1237-4D09-B8B7-EB00BE730C19}.Release|ARM.ActiveCfg = Release|ARM
		{51F9F331-1237-4D09-B8B7-EB00BE730C19}.Release|ARM.Build.0 = Release|ARM
		{51F9F331-1237-4D09-B8B7-EB00BE730C19}.Release|x64.ActiveCfg = Release|x64
		{51F9F331-1237-4D09-B8B7-EB00BE730C19}.Release|x64.Build.0 = Release|x64
		{51F9F331-1237-4D09-B8B7-EB00BE730C19}.Release|x86.ActiveCfg = Release|x86
		{51F9F331-1237-4D09-B8B7-EB00BE730C19}.Release|x86.Build.0 = Release|x86
		{C4B4F855-90CA-4E36-8B6D-3CAE88AE7BCC}.Debug|Any CPU.ActiveCfg = Debug|Any CPU
		{C4B4F855-90CA-4E36-8B6D-3CAE88AE7BCC}.Debug|Any CPU.Build.0 = Debug|Any CPU
		{C4B4F855-90CA-4E36-8B6D-3CAE88AE7BCC}.Debug|ARM.ActiveCfg = Debug|Any CPU
		{C4B4F855-90CA-4E36-8B6D-3CAE88AE7BCC}.Debug|ARM.Build.0 = Debug|Any CPU
		{C4B4F855-90CA-4E36-8B6D-3CAE88AE7BCC}.Debug|x64.ActiveCfg = Debug|Any CPU
		{C4B4F855-90CA-4E36-8B6D-3CAE88AE7BCC}.Debug|x64.Build.0 = Debug|Any CPU
		{C4B4F855-90CA-4E36-8B6D-3CAE88AE7BCC}.Debug|x86.ActiveCfg = Debug|Any CPU
		{C4B4F855-90CA-4E36-8B6D-3CAE88AE7BCC}.Debug|x86.Build.0 = Debug|Any CPU
		{C4B4F855-90CA-4E36-8B6D-3CAE88AE7BCC}.Release|Any CPU.ActiveCfg = Release|Any CPU
		{C4B4F855-90CA-4E36-8B6D-3CAE88AE7BCC}.Release|Any CPU.Build.0 = Release|Any CPU
		{C4B4F855-90CA-4E36-8B6D-3CAE88AE7BCC}.Release|ARM.ActiveCfg = Release|Any CPU
		{C4B4F855-90CA-4E36-8B6D-3CAE88AE7BCC}.Release|ARM.Build.0 = Release|Any CPU
		{C4B4F855-90CA-4E36-8B6D-3CAE88AE7BCC}.Release|x64.ActiveCfg = Release|Any CPU
		{C4B4F855-90CA-4E36-8B6D-3CAE88AE7BCC}.Release|x64.Build.0 = Release|Any CPU
		{C4B4F855-90CA-4E36-8B6D-3CAE88AE7BCC}.Release|x86.ActiveCfg = Release|Any CPU
		{C4B4F855-90CA-4E36-8B6D-3CAE88AE7BCC}.Release|x86.Build.0 = Release|Any CPU
		{E516A27D-0A55-4F0D-9C38-A1D1532C447F}.Debug|Any CPU.ActiveCfg = Debug|Any CPU
		{E516A27D-0A55-4F0D-9C38-A1D1532C447F}.Debug|Any CPU.Build.0 = Debug|Any CPU
		{E516A27D-0A55-4F0D-9C38-A1D1532C447F}.Debug|ARM.ActiveCfg = Debug|Any CPU
		{E516A27D-0A55-4F0D-9C38-A1D1532C447F}.Debug|ARM.Build.0 = Debug|Any CPU
		{E516A27D-0A55-4F0D-9C38-A1D1532C447F}.Debug|x64.ActiveCfg = Debug|Any CPU
		{E516A27D-0A55-4F0D-9C38-A1D1532C447F}.Debug|x64.Build.0 = Debug|Any CPU
		{E516A27D-0A55-4F0D-9C38-A1D1532C447F}.Debug|x86.ActiveCfg = Debug|Any CPU
		{E516A27D-0A55-4F0D-9C38-A1D1532C447F}.Debug|x86.Build.0 = Debug|Any CPU
		{E516A27D-0A55-4F0D-9C38-A1D1532C447F}.Release|Any CPU.ActiveCfg = Release|Any CPU
		{E516A27D-0A55-4F0D-9C38-A1D1532C447F}.Release|Any CPU.Build.0 = Release|Any CPU
		{E516A27D-0A55-4F0D-9C38-A1D1532C447F}.Release|ARM.ActiveCfg = Release|Any CPU
		{E516A27D-0A55-4F0D-9C38-A1D1532C447F}.Release|ARM.Build.0 = Release|Any CPU
		{E516A27D-0A55-4F0D-9C38-A1D1532C447F}.Release|x64.ActiveCfg = Release|Any CPU
		{E516A27D-0A55-4F0D-9C38-A1D1532C447F}.Release|x64.Build.0 = Release|Any CPU
		{E516A27D-0A55-4F0D-9C38-A1D1532C447F}.Release|x86.ActiveCfg = Release|Any CPU
		{E516A27D-0A55-4F0D-9C38-A1D1532C447F}.Release|x86.Build.0 = Release|Any CPU
	EndGlobalSection
	GlobalSection(SolutionProperties) = preSolution
		HideSolutionNode = FALSE
	EndGlobalSection
EndGlobal
